
Microsoft Visual Studio Solution File, Format Version 12.00
# Visual Studio Version 16
VisualStudioVersion = 16.0.29418.71
MinimumVisualStudioVersion = 10.0.40219.1
Project("{FAE04EC0-301F-11D3-BF4B-00C04F79EFBC}") = "AssemblyAttrDemo", "AssemblyAttrDemo\AssemblyAttrDemo.csproj", "{C8CF5C25-0609-4B40-88D6-08CDAC6424A2}"
EndProject
Global
	GlobalSection(SolutionConfigurationPlatforms) = preSolution
		Debug|Any CPU = Debug|Any CPU
		Release|Any CPU = Release|Any CPU
	EndGlobalSection
	GlobalSection(ProjectConfigurationPlatforms) = postSolution
		{C8CF5C25-0609-4B40-88D6-08CDAC6424A2}.Debug|Any CPU.ActiveCfg = Debug|Any CPU
		{C8CF5C25-0609-4B40-88D6-08CDAC6424A2}.Debug|Any CPU.Build.0 = Debug|Any CPU
		{C8CF5C25-0609-4B40-88D6-08CDAC6424A2}.Release|Any CPU.ActiveCfg = Release|Any CPU
		{C8CF5C25-0609-4B40-88D6-08CDAC6424A2}.Release|Any CPU.Build.0 = Release|Any CPU
	EndGlobalSection
	GlobalSection(SolutionProperties) = preSolution
		HideSolutionNode = FALSE
	EndGlobalSection
	GlobalSection(ExtensibilityGlobals) = postSolution
		SolutionGuid = {8B212266-5614-43BC-8DCF-61CADEC531E4}
	EndGlobalSection
EndGlobal
